
Microsoft Visual Studio Solution File, Format Version 12.00
# Visual Studio Version 17
VisualStudioVersion = 17.0.32014.148
MinimumVisualStudioVersion = 10.0.40219.1
Project("{FAE04EC0-301F-11D3-BF4B-00C04F79EFBC}") = "MSDBWFApp1", "MSDBWFApp1\MSDBWFApp1.csproj", "{B6BA7531-4480-47D1-ADA7-A6471E4AEBCD}"
EndProject
Global
	GlobalSection(SolutionConfigurationPlatforms) = preSolution
		Debug|Any CPU = Debug|Any CPU
		Release|Any CPU = Release|Any CPU
	EndGlobalSection
	GlobalSection(ProjectConfigurationPlatforms) = postSolution
		{B6BA7531-4480-47D1-ADA7-A6471E4AEBCD}.Debug|Any CPU.ActiveCfg = Debug|Any CPU
		{B6BA7531-4480-47D1-ADA7-A6471E4AEBCD}.Debug|Any CPU.Build.0 = Debug|Any CPU
		{B6BA7531-4480-47D1-ADA7-A6471E4AEBCD}.Release|Any CPU.ActiveCfg = Release|Any CPU
		{B6BA7531-4480-47D1-ADA7-A6471E4AEBCD}.Release|Any CPU.Build.0 = Release|Any CPU
	EndGlobalSection
	GlobalSection(SolutionProperties) = preSolution
		HideSolutionNode = FALSE
	EndGlobalSection
	GlobalSection(ExtensibilityGlobals) = postSolution
		SolutionGuid = {59C21ADF-82A9-4B1F-8074-FB5DAF96A4A2}
	EndGlobalSection
EndGlobal
